// !$*UTF8*$!
{
	archiveVersion = 1;
	classes = {
	};
	objectVersion = 55;
	objects = {

/* Begin PBXBuildFile section */
		4A90990D27CDCF4F005155EF /* MyQuery.graphql in Resources */ = {isa = PBXBuildFile; fileRef = 4A90990C27CDCF4F005155EF /* MyQuery.graphql */; };
		79A1469BC1453372E84DADDD /* Pods_ExApollo.framework in Frameworks */ = {isa = PBXBuildFile; fileRef = 848C5057A3AA922D262F9001 /* Pods_ExApollo.framework */; };
		C629AA4F27CCBD36007E4BA8 /* AppDelegate.swift in Sources */ = {isa = PBXBuildFile; fileRef = C629AA4E27CCBD36007E4BA8 /* AppDelegate.swift */; };
		C629AA5127CCBD36007E4BA8 /* SceneDelegate.swift in Sources */ = {isa = PBXBuildFile; fileRef = C629AA5027CCBD36007E4BA8 /* SceneDelegate.swift */; };
		C629AA5327CCBD36007E4BA8 /* ViewController.swift in Sources */ = {isa = PBXBuildFile; fileRef = C629AA5227CCBD36007E4BA8 /* ViewController.swift */; };
		C629AA5627CCBD36007E4BA8 /* Main.storyboard in Resources */ = {isa = PBXBuildFile; fileRef = C629AA5427CCBD36007E4BA8 /* Main.storyboard */; };
		C629AA5827CCBD38007E4BA8 /* Assets.xcassets in Resources */ = {isa = PBXBuildFile; fileRef = C629AA5727CCBD38007E4BA8 /* Assets.xcassets */; };
		C629AA5B27CCBD38007E4BA8 /* LaunchScreen.storyboard in Resources */ = {isa = PBXBuildFile; fileRef = C629AA5927CCBD38007E4BA8 /* LaunchScreen.storyboard */; };
		C6AF3E6C27D052900005EC45 /* schema.json in Resources */ = {isa = PBXBuildFile; fileRef = C6AF3E6B27D052900005EC45 /* schema.json */; };
		C6AF3E6F27D054C90005EC45 /* MyQuery.graphql.swift in Sources */ = {isa = PBXBuildFile; fileRef = C6AF3E6E27D054C90005EC45 /* MyQuery.graphql.swift */; };
		C6AF3E7127D054D70005EC45 /* Types.graphql.swift in Sources */ = {isa = PBXBuildFile; fileRef = C6AF3E7027D054D70005EC45 /* Types.graphql.swift */; };
/* End PBXBuildFile section */

/* Begin PBXFileReference section */
		400E7A25640177DB4C79D696 /* Pods-ExApollo.debug.xcconfig */ = {isa = PBXFileReference; includeInIndex = 1; lastKnownFileType = text.xcconfig; name = "Pods-ExApollo.debug.xcconfig"; path = "Target Support Files/Pods-ExApollo/Pods-ExApollo.debug.xcconfig"; sourceTree = "<group>"; };
		4A90990C27CDCF4F005155EF /* MyQuery.graphql */ = {isa = PBXFileReference; lastKnownFileType = text; path = MyQuery.graphql; sourceTree = "<group>"; };
		848C5057A3AA922D262F9001 /* Pods_ExApollo.framework */ = {isa = PBXFileReference; explicitFileType = wrapper.framework; includeInIndex = 0; path = Pods_ExApollo.framework; sourceTree = BUILT_PRODUCTS_DIR; };
		C629AA4B27CCBD36007E4BA8 /* ExApollo.app */ = {isa = PBXFileReference; explicitFileType = wrapper.application; includeInIndex = 0; path = ExApollo.app; sourceTree = BUILT_PRODUCTS_DIR; };
		C629AA4E27CCBD36007E4BA8 /* AppDelegate.swift */ = {isa = PBXFileReference; lastKnownFileType = sourcecode.swift; path = AppDelegate.swift; sourceTree = "<group>"; };
		C629AA5027CCBD36007E4BA8 /* SceneDelegate.swift */ = {isa = PBXFileReference; lastKnownFileType = sourcecode.swift; path = SceneDelegate.swift; sourceTree = "<group>"; };
		C629AA5227CCBD36007E4BA8 /* ViewController.swift */ = {isa = PBXFileReference; lastKnownFileType = sourcecode.swift; path = ViewController.swift; sourceTree = "<group>"; };
		C629AA5527CCBD36007E4BA8 /* Base */ = {isa = PBXFileReference; lastKnownFileType = file.storyboard; name = Base; path = Base.lproj/Main.storyboard; sourceTree = "<group>"; };
		C629AA5727CCBD38007E4BA8 /* Assets.xcassets */ = {isa = PBXFileReference; lastKnownFileType = folder.assetcatalog; path = Assets.xcassets; sourceTree = "<group>"; };
		C629AA5A27CCBD38007E4BA8 /* Base */ = {isa = PBXFileReference; lastKnownFileType = file.storyboard; name = Base; path = Base.lproj/LaunchScreen.storyboard; sourceTree = "<group>"; };
		C629AA5C27CCBD38007E4BA8 /* Info.plist */ = {isa = PBXFileReference; lastKnownFileType = text.plist.xml; path = Info.plist; sourceTree = "<group>"; };
		C6AF3E6B27D052900005EC45 /* schema.json */ = {isa = PBXFileReference; fileEncoding = 4; lastKnownFileType = text.json; path = schema.json; sourceTree = "<group>"; };
		C6AF3E6E27D054C90005EC45 /* MyQuery.graphql.swift */ = {isa = PBXFileReference; fileEncoding = 4; lastKnownFileType = sourcecode.swift; path = MyQuery.graphql.swift; sourceTree = "<group>"; };
		C6AF3E7027D054D70005EC45 /* Types.graphql.swift */ = {isa = PBXFileReference; fileEncoding = 4; lastKnownFileType = sourcecode.swift; path = Types.graphql.swift; sourceTree = "<group>"; };
		E2C89E006298821C57154EFD /* Pods-ExApollo.release.xcconfig */ = {isa = PBXFileReference; includeInIndex = 1; lastKnownFileType = text.xcconfig; name = "Pods-ExApollo.release.xcconfig"; path = "Target Support Files/Pods-ExApollo/Pods-ExApollo.release.xcconfig"; sourceTree = "<group>"; };
/* End PBXFileReference section */

/* Begin PBXFrameworksBuildPhase section */
		C629AA4827CCBD36007E4BA8 /* Frameworks */ = {
			isa = PBXFrameworksBuildPhase;
			buildActionMask = 2147483647;
			files = (
				79A1469BC1453372E84DADDD /* Pods_ExApollo.framework in Frameworks */,
			);
			runOnlyForDeploymentPostprocessing = 0;
		};
/* End PBXFrameworksBuildPhase section */

/* Begin PBXGroup section */
		21DB2B06B478FFFF7BA7A2F5 /* Pods */ = {
			isa = PBXGroup;
			children = (
				400E7A25640177DB4C79D696 /* Pods-ExApollo.debug.xcconfig */,
				E2C89E006298821C57154EFD /* Pods-ExApollo.release.xcconfig */,
			);
			path = Pods;
			sourceTree = "<group>";
		};
		9D2B4D9388E24835903BEAAD /* Frameworks */ = {
			isa = PBXGroup;
			children = (
				848C5057A3AA922D262F9001 /* Pods_ExApollo.framework */,
			);
			name = Frameworks;
			sourceTree = "<group>";
		};
		C629AA4227CCBD36007E4BA8 = {
			isa = PBXGroup;
			children = (
				C629AA4D27CCBD36007E4BA8 /* ExApollo */,
				C629AA4C27CCBD36007E4BA8 /* Products */,
				21DB2B06B478FFFF7BA7A2F5 /* Pods */,
				9D2B4D9388E24835903BEAAD /* Frameworks */,
			);
			sourceTree = "<group>";
		};
		C629AA4C27CCBD36007E4BA8 /* Products */ = {
			isa = PBXGroup;
			children = (
				C629AA4B27CCBD36007E4BA8 /* ExApollo.app */,
			);
			name = Products;
			sourceTree = "<group>";
		};
		C629AA4D27CCBD36007E4BA8 /* ExApollo */ = {
			isa = PBXGroup;
			children = (
				C6AF3E6D27D054080005EC45 /* API */,
				C629AA4E27CCBD36007E4BA8 /* AppDelegate.swift */,
				C629AA5027CCBD36007E4BA8 /* SceneDelegate.swift */,
				C629AA5227CCBD36007E4BA8 /* ViewController.swift */,
				C6AF3E6B27D052900005EC45 /* schema.json */,
				C629AA5427CCBD36007E4BA8 /* Main.storyboard */,
				C629AA5727CCBD38007E4BA8 /* Assets.xcassets */,
				C629AA5927CCBD38007E4BA8 /* LaunchScreen.storyboard */,
				C629AA5C27CCBD38007E4BA8 /* Info.plist */,
			);
			path = ExApollo;
			sourceTree = "<group>";
		};
		C6AF3E6D27D054080005EC45 /* API */ = {
			isa = PBXGroup;
			children = (
				4A90990C27CDCF4F005155EF /* MyQuery.graphql */,
				C6AF3E7027D054D70005EC45 /* Types.graphql.swift */,
				C6AF3E6E27D054C90005EC45 /* MyQuery.graphql.swift */,
			);
			path = API;
			sourceTree = "<group>";
		};
/* End PBXGroup section */

/* Begin PBXNativeTarget section */
		C629AA4A27CCBD36007E4BA8 /* ExApollo */ = {
			isa = PBXNativeTarget;
			buildConfigurationList = C629AA5F27CCBD38007E4BA8 /* Build configuration list for PBXNativeTarget "ExApollo" */;
			buildPhases = (
				ADCA25552B74BE0D845445AB /* [CP] Check Pods Manifest.lock */,
				C63048EF27CCBE5800CB853D /* Generate Apollo GraphQL API */,
				C629AA4727CCBD36007E4BA8 /* Sources */,
				C629AA4827CCBD36007E4BA8 /* Frameworks */,
				C629AA4927CCBD36007E4BA8 /* Resources */,
				FA6F0C05EAB8776928A517BF /* [CP] Embed Pods Frameworks */,
			);
			buildRules = (
			);
			dependencies = (
			);
			name = ExApollo;
			productName = ExApollo;
			productReference = C629AA4B27CCBD36007E4BA8 /* ExApollo.app */;
			productType = "com.apple.product-type.application";
		};
/* End PBXNativeTarget section */

/* Begin PBXProject section */
		C629AA4327CCBD36007E4BA8 /* Project object */ = {
			isa = PBXProject;
			attributes = {
				BuildIndependentTargetsInParallel = 1;
				LastSwiftUpdateCheck = 1320;
				LastUpgradeCheck = 1320;
				TargetAttributes = {
					C629AA4A27CCBD36007E4BA8 = {
						CreatedOnToolsVersion = 13.2;
					};
				};
			};
			buildConfigurationList = C629AA4627CCBD36007E4BA8 /* Build configuration list for PBXProject "ExApollo" */;
			compatibilityVersion = "Xcode 13.0";
			developmentRegion = en;
			hasScannedForEncodings = 0;
			knownRegions = (
				en,
				Base,
			);
			mainGroup = C629AA4227CCBD36007E4BA8;
			productRefGroup = C629AA4C27CCBD36007E4BA8 /* Products */;
			projectDirPath = "";
			projectRoot = "";
			targets = (
				C629AA4A27CCBD36007E4BA8 /* ExApollo */,
			);
		};
/* End PBXProject section */

/* Begin PBXResourcesBuildPhase section */
		C629AA4927CCBD36007E4BA8 /* Resources */ = {
			isa = PBXResourcesBuildPhase;
			buildActionMask = 2147483647;
			files = (
				4A90990D27CDCF4F005155EF /* MyQuery.graphql in Resources */,
				C6AF3E6C27D052900005EC45 /* schema.json in Resources */,
				C629AA5B27CCBD38007E4BA8 /* LaunchScreen.storyboard in Resources */,
				C629AA5827CCBD38007E4BA8 /* Assets.xcassets in Resources */,
				C629AA5627CCBD36007E4BA8 /* Main.storyboard in Resources */,
			);
			runOnlyForDeploymentPostprocessing = 0;
		};
/* End PBXResourcesBuildPhase section */

/* Begin PBXShellScriptBuildPhase section */
		ADCA25552B74BE0D845445AB /* [CP] Check Pods Manifest.lock */ = {
			isa = PBXShellScriptBuildPhase;
			buildActionMask = 2147483647;
			files = (
			);
			inputFileListPaths = (
			);
			inputPaths = (
				"${PODS_PODFILE_DIR_PATH}/Podfile.lock",
				"${PODS_ROOT}/Manifest.lock",
			);
			name = "[CP] Check Pods Manifest.lock";
			outputFileListPaths = (
			);
			outputPaths = (
				"$(DERIVED_FILE_DIR)/Pods-ExApollo-checkManifestLockResult.txt",
			);
			runOnlyForDeploymentPostprocessing = 0;
			shellPath = /bin/sh;
			shellScript = "diff \"${PODS_PODFILE_DIR_PATH}/Podfile.lock\" \"${PODS_ROOT}/Manifest.lock\" > /dev/null\nif [ $? != 0 ] ; then\n    # print error to STDERR\n    echo \"error: The sandbox is not in sync with the Podfile.lock. Run 'pod install' or update your CocoaPods installation.\" >&2\n    exit 1\nfi\n# This output is used by Xcode 'outputs' to avoid re-running this script phase.\necho \"SUCCESS\" > \"${SCRIPT_OUTPUT_FILE_0}\"\n";
			showEnvVarsInLog = 0;
		};
		C63048EF27CCBE5800CB853D /* Generate Apollo GraphQL API */ = {
			isa = PBXShellScriptBuildPhase;
			buildActionMask = 2147483647;
			files = (
			);
			inputFileListPaths = (
			);
			inputPaths = (
				"$(SRCROOT)/ExApollo/*.graphql",
			);
			name = "Generate Apollo GraphQL API";
			outputFileListPaths = (
			);
			outputPaths = (
				"$(SRCROOT)/ExApollo/API.swift",
			);
			runOnlyForDeploymentPostprocessing = 0;
			shellPath = /bin/sh;
			shellScript = "# Don't run this during index builds\nif [ $ACTION = \"indexbuild\" ]; then exit 0; fi\n\nSCRIPT_PATH=\"${PODS_ROOT}/Apollo/scripts\"\n\n#\"${SCRIPT_PATH}\"/run-bundled-codegen.sh schema:download --endpoint=\"https://apollo-fullstack-tutorial.herokuapp.com/graphql\" ExApollo/schema.json\n\ncd \"${SRCROOT}/${TARGET_NAME}\"\n\"${SCRIPT_PATH}\"/run-bundled-codegen.sh codegen:generate --target=swift --namespace=MyAPI --includes=./**/*.graphql --localSchemaFile=\"schema.json\" API\n";
		};
		FA6F0C05EAB8776928A517BF /* [CP] Embed Pods Frameworks */ = {
			isa = PBXShellScriptBuildPhase;
			buildActionMask = 2147483647;
			files = (
			);
			inputFileListPaths = (
				"${PODS_ROOT}/Target Support Files/Pods-ExApollo/Pods-ExApollo-frameworks-${CONFIGURATION}-input-files.xcfilelist",
			);
			name = "[CP] Embed Pods Frameworks";
			outputFileListPaths = (
				"${PODS_ROOT}/Target Support Files/Pods-ExApollo/Pods-ExApollo-frameworks-${CONFIGURATION}-output-files.xcfilelist",
			);
			runOnlyForDeploymentPostprocessing = 0;
			shellPath = /bin/sh;
			shellScript = "\"${PODS_ROOT}/Target Support Files/Pods-ExApollo/Pods-ExApollo-frameworks.sh\"\n";
			showEnvVarsInLog = 0;
		};
/* End PBXShellScriptBuildPhase section */

/* Begin PBXSourcesBuildPhase section */
		C629AA4727CCBD36007E4BA8 /* Sources */ = {
			isa = PBXSourcesBuildPhase;
			buildActionMask = 2147483647;
			files = (
				C6AF3E7127D054D70005EC45 /* Types.graphql.swift in Sources */,
				C629AA5327CCBD36007E4BA8 /* ViewController.swift in Sources */,
				C6AF3E6F27D054C90005EC45 /* MyQuery.graphql.swift in Sources */,
				C629AA4F27CCBD36007E4BA8 /* AppDelegate.swift in Sources */,
				C629AA5127CCBD36007E4BA8 /* SceneDelegate.swift in Sources */,
			);
			runOnlyForDeploymentPostprocessing = 0;
		};
/* End PBXSourcesBuildPhase section */

/* Begin PBXVariantGroup section */
		C629AA5427CCBD36007E4BA8 /* Main.storyboard */ = {
			isa = PBXVariantGroup;
			children = (
				C629AA5527CCBD36007E4BA8 /* Base */,
			);
			name = Main.storyboard;
			sourceTree = "<group>";
		};
		C629AA5927CCBD38007E4BA8 /* LaunchScreen.storyboard */ = {
			isa = PBXVariantGroup;
			children = (
				C629AA5A27CCBD38007E4BA8 /* Base */,
			);
			name = LaunchScreen.storyboard;
			sourceTree = "<group>";
		};
/* End PBXVariantGroup section */

/* Begin XCBuildConfiguration section */
		C629AA5D27CCBD38007E4BA8 /* Debug */ = {
			isa = XCBuildConfiguration;
			buildSettings = {
				ALWAYS_SEARCH_USER_PATHS = NO;
				CLANG_ANALYZER_NONNULL = YES;
				CLANG_ANALYZER_NUMBER_OBJECT_CONVERSION = YES_AGGRESSIVE;
				CLANG_CXX_LANGUAGE_STANDARD = "gnu++17";
				CLANG_CXX_LIBRARY = "libc++";
				CLANG_ENABLE_MODULES = YES;
				CLANG_ENABLE_OBJC_ARC = YES;
				CLANG_ENABLE_OBJC_WEAK = YES;
				CLANG_WARN_BLOCK_CAPTURE_AUTORELEASING = YES;
				CLANG_WARN_BOOL_CONVERSION = YES;
				CLANG_WARN_COMMA = YES;
				CLANG_WARN_CONSTANT_CONVERSION = YES;
				CLANG_WARN_DEPRECATED_OBJC_IMPLEMENTATIONS = YES;
				CLANG_WARN_DIRECT_OBJC_ISA_USAGE = YES_ERROR;
				CLANG_WARN_DOCUMENTATION_COMMENTS = YES;
				CLANG_WARN_EMPTY_BODY = YES;
				CLANG_WARN_ENUM_CONVERSION = YES;
				CLANG_WARN_INFINITE_RECURSION = YES;
				CLANG_WARN_INT_CONVERSION = YES;
				CLANG_WARN_NON_LITERAL_NULL_CONVERSION = YES;
				CLANG_WARN_OBJC_IMPLICIT_RETAIN_SELF = YES;
				CLANG_WARN_OBJC_LITERAL_CONVERSION = YES;
				CLANG_WARN_OBJC_ROOT_CLASS = YES_ERROR;
				CLANG_WARN_QUOTED_INCLUDE_IN_FRAMEWORK_HEADER = YES;
				CLANG_WARN_RANGE_LOOP_ANALYSIS = YES;
				CLANG_WARN_STRICT_PROTOTYPES = YES;
				CLANG_WARN_SUSPICIOUS_MOVE = YES;
				CLANG_WARN_UNGUARDED_AVAILABILITY = YES_AGGRESSIVE;
				CLANG_WARN_UNREACHABLE_CODE = YES;
				CLANG_WARN__DUPLICATE_METHOD_MATCH = YES;
				COPY_PHASE_STRIP = NO;
				DEBUG_INFORMATION_FORMAT = dwarf;
				ENABLE_STRICT_OBJC_MSGSEND = YES;
				ENABLE_TESTABILITY = YES;
				GCC_C_LANGUAGE_STANDARD = gnu11;
				GCC_DYNAMIC_NO_PIC = NO;
				GCC_NO_COMMON_BLOCKS = YES;
				GCC_OPTIMIZATION_LEVEL = 0;
				GCC_PREPROCESSOR_DEFINITIONS = (
					"DEBUG=1",
					"$(inherited)",
				);
				GCC_WARN_64_TO_32_BIT_CONVERSION = YES;
				GCC_WARN_ABOUT_RETURN_TYPE = YES_ERROR;
				GCC_WARN_UNDECLARED_SELECTOR = YES;
				GCC_WARN_UNINITIALIZED_AUTOS = YES_AGGRESSIVE;
				GCC_WARN_UNUSED_FUNCTION = YES;
				GCC_WARN_UNUSED_VARIABLE = YES;
				IPHONEOS_DEPLOYMENT_TARGET = 13;
				MTL_ENABLE_DEBUG_INFO = INCLUDE_SOURCE;
				MTL_FAST_MATH = YES;
				ONLY_ACTIVE_ARCH = YES;
				SDKROOT = iphoneos;
				SWIFT_ACTIVE_COMPILATION_CONDITIONS = DEBUG;
				SWIFT_OPTIMIZATION_LEVEL = "-Onone";
			};
			name = Debug;
		};
		C629AA5E27CCBD38007E4BA8 /* Release */ = {
			isa = XCBuildConfiguration;
			buildSettings = {
				ALWAYS_SEARCH_USER_PATHS = NO;
				CLANG_ANALYZER_NONNULL = YES;
				CLANG_ANALYZER_NUMBER_OBJECT_CONVERSION = YES_AGGRESSIVE;
				CLANG_CXX_LANGUAGE_STANDARD = "gnu++17";
				CLANG_CXX_LIBRARY = "libc++";
				CLANG_ENABLE_MODULES = YES;
				CLANG_ENABLE_OBJC_ARC = YES;
				CLANG_ENABLE_OBJC_WEAK = YES;
				CLANG_WARN_BLOCK_CAPTURE_AUTORELEASING = YES;
				CLANG_WARN_BOOL_CONVERSION = YES;
				CLANG_WARN_COMMA = YES;
				CLANG_WARN_CONSTANT_CONVERSION = YES;
				CLANG_WARN_DEPRECATED_OBJC_IMPLEMENTATIONS = YES;
				CLANG_WARN_DIRECT_OBJC_ISA_USAGE = YES_ERROR;
				CLANG_WARN_DOCUMENTATION_COMMENTS = YES;
				CLANG_WARN_EMPTY_BODY = YES;
				CLANG_WARN_ENUM_CONVERSION = YES;
				CLANG_WARN_INFINITE_RECURSION = YES;
				CLANG_WARN_INT_CONVERSION = YES;
				CLANG_WARN_NON_LITERAL_NULL_CONVERSION = YES;
				CLANG_WARN_OBJC_IMPLICIT_RETAIN_SELF = YES;
				CLANG_WARN_OBJC_LITERAL_CONVERSION = YES;
				CLANG_WARN_OBJC_ROOT_CLASS = YES_ERROR;
				CLANG_WARN_QUOTED_INCLUDE_IN_FRAMEWORK_HEADER = YES;
				CLANG_WARN_RANGE_LOOP_ANALYSIS = YES;
				CLANG_WARN_STRICT_PROTOTYPES = YES;
				CLANG_WARN_SUSPICIOUS_MOVE = YES;
				CLANG_WARN_UNGUARDED_AVAILABILITY = YES_AGGRESSIVE;
				CLANG_WARN_UNREACHABLE_CODE = YES;
				CLANG_WARN__DUPLICATE_METHOD_MATCH = YES;
				COPY_PHASE_STRIP = NO;
				DEBUG_INFORMATION_FORMAT = "dwarf-with-dsym";
				ENABLE_NS_ASSERTIONS = NO;
				ENABLE_STRICT_OBJC_MSGSEND = YES;
				GCC_C_LANGUAGE_STANDARD = gnu11;
				GCC_NO_COMMON_BLOCKS = YES;
				GCC_WARN_64_TO_32_BIT_CONVERSION = YES;
				GCC_WARN_ABOUT_RETURN_TYPE = YES_ERROR;
				GCC_WARN_UNDECLARED_SELECTOR = YES;
				GCC_WARN_UNINITIALIZED_AUTOS = YES_AGGRESSIVE;
				GCC_WARN_UNUSED_FUNCTION = YES;
				GCC_WARN_UNUSED_VARIABLE = YES;
				IPHONEOS_DEPLOYMENT_TARGET = 13;
				MTL_ENABLE_DEBUG_INFO = NO;
				MTL_FAST_MATH = YES;
				SDKROOT = iphoneos;
				SWIFT_COMPILATION_MODE = wholemodule;
				SWIFT_OPTIMIZATION_LEVEL = "-O";
				VALIDATE_PRODUCT = YES;
			};
			name = Release;
		};
		C629AA6027CCBD38007E4BA8 /* Debug */ = {
			isa = XCBuildConfiguration;
			baseConfigurationReference = 400E7A25640177DB4C79D696 /* Pods-ExApollo.debug.xcconfig */;
			buildSettings = {
				ASSETCATALOG_COMPILER_APPICON_NAME = AppIcon;
				ASSETCATALOG_COMPILER_GLOBAL_ACCENT_COLOR_NAME = AccentColor;
				CODE_SIGN_STYLE = Automatic;
				CURRENT_PROJECT_VERSION = 1;
				DEVELOPMENT_TEAM = V99UMBT63A;
				GENERATE_INFOPLIST_FILE = YES;
				INFOPLIST_FILE = ExApollo/Info.plist;
				INFOPLIST_KEY_UIApplicationSupportsIndirectInputEvents = YES;
				INFOPLIST_KEY_UILaunchStoryboardName = LaunchScreen;
				INFOPLIST_KEY_UIMainStoryboardFile = Main;
				INFOPLIST_KEY_UISupportedInterfaceOrientations_iPad = "UIInterfaceOrientationPortrait UIInterfaceOrientationPortraitUpsideDown UIInterfaceOrientationLandscapeLeft UIInterfaceOrientationLandscapeRight";
				INFOPLIST_KEY_UISupportedInterfaceOrientations_iPhone = "UIInterfaceOrientationPortrait UIInterfaceOrientationLandscapeLeft UIInterfaceOrientationLandscapeRight";
				IPHONEOS_DEPLOYMENT_TARGET = 13.0;
				LD_RUNPATH_SEARCH_PATHS = (
					"$(inherited)",
					"@executable_path/Frameworks",
				);
				MARKETING_VERSION = 1.0;
				PRODUCT_BUNDLE_IDENTIFIER = com.ExApollo;
				PRODUCT_NAME = "$(TARGET_NAME)";
				SWIFT_EMIT_LOC_STRINGS = YES;
				SWIFT_VERSION = 5.0;
				TARGETED_DEVICE_FAMILY = "1,2";
			};
			name = Debug;
		};
		C629AA6127CCBD38007E4BA8 /* Release */ = {
			isa = XCBuildConfiguration;
			baseConfigurationReference = E2C89E006298821C57154EFD /* Pods-ExApollo.release.xcconfig */;
			buildSettings = {
				ASSETCATALOG_COMPILER_APPICON_NAME = AppIcon;
				ASSETCATALOG_COMPILER_GLOBAL_ACCENT_COLOR_NAME = AccentColor;
				CODE_SIGN_STYLE = Automatic;
				CURRENT_PROJECT_VERSION = 1;
				DEVELOPMENT_TEAM = V99UMBT63A;
				GENERATE_INFOPLIST_FILE = YES;
				INFOPLIST_FILE = ExApollo/Info.plist;
				INFOPLIST_KEY_UIApplicationSupportsIndirectInputEvents = YES;
				INFOPLIST_KEY_UILaunchStoryboardName = LaunchScreen;
				INFOPLIST_KEY_UIMainStoryboardFile = Main;
				INFOPLIST_KEY_UISupportedInterfaceOrientations_iPad = "UIInterfaceOrientationPortrait UIInterfaceOrientationPortraitUpsideDown UIInterfaceOrientationLandscapeLeft UIInterfaceOrientationLandscapeRight";
				INFOPLIST_KEY_UISupportedInterfaceOrientations_iPhone = "UIInterfaceOrientationPortrait UIInterfaceOrientationLandscapeLeft UIInterfaceOrientationLandscapeRight";
				IPHONEOS_DEPLOYMENT_TARGET = 13.0;
				LD_RUNPATH_SEARCH_PATHS = (
					"$(inherited)",
					"@executable_path/Frameworks",
				);
				MARKETING_VERSION = 1.0;
				PRODUCT_BUNDLE_IDENTIFIER = com.ExApollo;
				PRODUCT_NAME = "$(TARGET_NAME)";
				SWIFT_EMIT_LOC_STRINGS = YES;
				SWIFT_VERSION = 5.0;
				TARGETED_DEVICE_FAMILY = "1,2";
			};
			name = Release;
		};
/* End XCBuildConfiguration section */

/* Begin XCConfigurationList section */
		C629AA4627CCBD36007E4BA8 /* Build configuration list for PBXProject "ExApollo" */ = {
			isa = XCConfigurationList;
			buildConfigurations = (
				C629AA5D27CCBD38007E4BA8 /* Debug */,
				C629AA5E27CCBD38007E4BA8 /* Release */,
			);
			defaultConfigurationIsVisible = 0;
			defaultConfigurationName = Release;
		};
		C629AA5F27CCBD38007E4BA8 /* Build configuration list for PBXNativeTarget "ExApollo" */ = {
			isa = XCConfigurationList;
			buildConfigurations = (
				C629AA6027CCBD38007E4BA8 /* Debug */,
				C629AA6127CCBD38007E4BA8 /* Release */,
			);
			defaultConfigurationIsVisible = 0;
			defaultConfigurationName = Release;
		};
/* End XCConfigurationList section */
	};
	rootObject = C629AA4327CCBD36007E4BA8 /* Project object */;
}
